version = 1
revision = 3
requires-python = "==3.13.*"

[[package]]
name = "annotated-doc"
version = "0.0.4"
source = { registry = "https://pypi.org/simple" }
sdist = { url = "https://files.pythonhosted.org/packages/57/ba/046ceea27344560984e26a590f90bc7f4a75b06701f653222458922b558c/annotated_doc-0.0.4.tar.gz", hash = "sha256:fbcda96e87e9c92ad167c2e53839e57503ecfda18804ea28102353485033faa4", size = 7288, upload-time = "2025-11-10T22:07:42.062Z" }
wheels = [
    { url = "https://files.pythonhosted.org/packages/1e/d3/26bf1008eb3d2daa8ef4cacc7f3bfdc11818d111f7e2d0201bc6e3b49d45/annotated_doc-0.0.4-py3-none-any.whl", hash = "sha256:571ac1dc6991c450b25a9c2d84a3705e2ae7a53467b5d111c24fa8baabbed320", size = 5303, upload-time = "2025-11-10T22:07:40.673Z" },
]

[[package]]
name = "annotated-types"
version = "0.7.0"
source = { registry = "https://pypi.org/simple" }
sdist = { url = "https://files.pythonhosted.org/packages/ee/67/531ea369ba64dcff5ec9c3402f9f51bf748cec26dde048a2f973a4eea7f5/annotated_types-0.7.0.tar.gz", hash = "sha256:aff07c09a53a08bc8cfccb9c85b05f1aa9a2a6f23728d790723543408344ce89", size = 16081, upload-time = "2024-05-20T21:33:25.928Z" }
wheels = [
    { url = "https://files.pythonhosted.org/packages/78/b6/6307fbef88d9b5ee7421e68d78a9f162e0da4900bc5f5793f6d3d0e34fb8/annotated_types-0.7.0-py3-none-any.whl", hash = "sha256:1f02e8b43a8fbbc3f3e0d4f0f4bfc8131bcb4eebe8849b8e5c773f3a1c582a53", size = 13643, upload-time = "2024-05-20T21:33:24.1Z" },
]

[[package]]
name = "anyio"
version = "4.13.0"
source = { registry = "https://pypi.org/simple" }
dependencies = [
    { name = "idna" },
]
sdist = { url = "https://files.pythonhosted.org/packages/19/14/2c5dd9f512b66549ae92767a9c7b330ae88e1932ca57876909410251fe13/anyio-4.13.0.tar.gz", hash = "sha256:334b70e641fd2221c1505b3890c69882fe4a2df910cba14d97019b90b24439dc", size = 231622, upload-time = "2026-03-24T12:59:09.671Z" }
wheels = [
    { url = "https://files.pythonhosted.org/packages/da/42/e921fccf5015463e32a3cf6ee7f980a6ed0f395ceeaa45060b61d86486c2/anyio-4.13.0-py3-none-any.whl", hash = "sha256:08b310f9e24a9594186fd75b4f73f4a4152069e3853f1ed8bfbf58369f4ad708", size = 114353, upload-time = "2026-03-24T12:59:08.246Z" },
]

[[package]]
name = "certifi"
version = "2026.2.25"
source = { registry = "https://pypi.org/simple" }
sdist = { url = "https://files.pythonhosted.org/packages/af/2d/7bf41579a8986e348fa033a31cdd0e4121114f6bce2457e8876010b092dd/certifi-2026.2.25.tar.gz", hash = "sha256:e887ab5cee78ea814d3472169153c2d12cd43b14bd03329a39a9c6e2e80bfba7", size = 155029, upload-time = "2026-02-25T02:54:17.342Z" }
wheels = [
    { url = "https://files.pythonhosted.org/packages/9a/3c/c17fb3ca2d9c3acff52e30b309f538586f9f5b9c9cf454f3845fc9af4881/certifi-2026.2.25-py3-none-any.whl", hash = "sha256:027692e4402ad994f1c42e52a4997a9763c646b73e4096e4d5d6db8af1d6f0fa", size = 153684, upload-time = "2026-02-25T02:54:15.766Z" },
]

[[package]]
name = "click"
version = "8.3.2"
source = { registry = "https://pypi.org/simple" }
dependencies = [
    { name = "colorama", marker = "sys_platform == 'win32'" },
]
sdist = { url = "https://files.pythonhosted.org/packages/57/75/31212c6bf2503fdf920d87fee5d7a86a2e3bcf444984126f13d8e4016804/click-8.3.2.tar.gz", hash = "sha256:14162b8b3b3550a7d479eafa77dfd3c38d9dc8951f6f69c78913a8f9a7540fd5", size = 302856, upload-time = "2026-04-03T19:14:45.118Z" }
wheels = [
    { url = "https://files.pythonhosted.org/packages/e4/20/71885d8b97d4f3dde17b1fdb92dbd4908b00541c5a3379787137285f602e/click-8.3.2-py3-none-any.whl", hash = "sha256:1924d2c27c5653561cd2cae4548d1406039cb79b858b747cfea24924bbc1616d", size = 108379, upload-time = "2026-04-03T19:14:43.505Z" },
]

[[package]]
name = "colorama"
version = "0.4.6"
source = { registry = "https://pypi.org/simple" }
sdist = { url = "https://files.pythonhosted.org/packages/d8/53/6f443c9a4a8358a93a6792e2acffb9d9d5cb0a5cfd8802644b7b1c9a02e4/colorama-0.4.6.tar.gz", hash = "sha256:08695f5cb7ed6e0531a20572697297273c47b8cae5a63ffc6d6ed5c201be6e44", size = 27697, upload-time = "2022-10-25T02:36:22.414Z" }
wheels = [
    { url = "https://files.pythonhosted.org/packages/d1/d6/3965ed04c63042e047cb6a3e6ed1a63a35087b6a609aa3a15ed8ac56c221/colorama-0.4.6-py2.py3-none-any.whl", hash = "sha256:4f1d9991f5acc0ca119f9d443620b77f9d6b33703e51011c16baf57afb285fc6", size = 25335, upload-time = "2022-10-25T02:36:20.889Z" },
]

[[package]]
name = "distro"
version = "1.9.0"
source = { registry = "https://pypi.org/simple" }
sdist = { url = "https://files.pythonhosted.org/packages/fc/f8/98eea607f65de6527f8a2e8885fc8015d3e6f5775df186e443e0964a11c3/distro-1.9.0.tar.gz", hash = "sha256:2fa77c6fd8940f116ee1d6b94a2f90b13b5ea8d019b98bc8bafdcabcdd9bdbed", size = 60722, upload-time = "2023-12-24T09:54:32.31Z" }
wheels = [
    { url = "https://files.pythonhosted.org/packages/12/b3/231ffd4ab1fc9d679809f356cebee130ac7daa00d6d6f3206dd4fd137e9e/distro-1.9.0-py3-none-any.whl", hash = "sha256:7bffd925d65168f85027d8da9af6bddab658135b840670a223589bc0c8ef02b2", size = 20277, upload-time = "2023-12-24T09:54:30.421Z" },
]

[[package]]
name = "fastapi"
version = "0.136.0"
source = { registry = "https://pypi.org/simple" }
dependencies = [
    { name = "annotated-doc" },
    { name = "pydantic" },
    { name = "starlette" },
    { name = "typing-extensions" },
    { name = "typing-inspection" },
]
sdist = { url = "https://files.pythonhosted.org/packages/4e/d9/e66315807e41e69e7f6a1b42a162dada2f249c5f06ad3f1a95f84ab336ef/fastapi-0.136.0.tar.gz", hash = "sha256:cf08e067cc66e106e102d9ba659463abfac245200752f8a5b7b1e813de4ff73e", size = 396607, upload-time = "2026-04-16T11:47:13.623Z" }
wheels = [
    { url = "https://files.pythonhosted.org/packages/26/a3/0bd5f0cdb0bbc92650e8dc457e9250358411ee5d1b65e42b6632387daf81/fastapi-0.136.0-py3-none-any.whl", hash = "sha256:8793d44ec7378e2be07f8a013cf7f7aa47d6327d0dfe9804862688ec4541a6b4", size = 117556, upload-time = "2026-04-16T11:47:11.922Z" },
]

[[package]]
name = "fullerton-assessment"
version = "0.1.0"
source = { virtual = "." }
dependencies = [
    { name = "fastapi" },
    { name = "openai" },
    { name = "pillow" },
    { name = "pymupdf" },
    { name = "pytest" },
    { name = "python-multipart" },
    { name = "uvicorn" },
]

[package.metadata]
requires-dist = [
    { name = "fastapi", specifier = ">=0.136.0" },
    { name = "openai", specifier = ">=2.14.0" },
    { name = "pillow", specifier = ">=12.2.0" },
    { name = "pymupdf", specifier = ">=1.27.2.2" },
    { name = "pytest", specifier = ">=9.0.3" },
    { name = "python-multipart", specifier = ">=0.0.20" },
    { name = "uvicorn", specifier = ">=0.44.0" },
]

[[package]]
name = "h11"
version = "0.16.0"
source = { registry = "https://pypi.org/simple" }
sdist = { url = "https://files.pythonhosted.org/packages/01/ee/02a2c011bdab74c6fb3c75474d40b3052059d95df7e73351460c8588d963/h11-0.16.0.tar.gz", hash = "sha256:4e35b956cf45792e4caa5885e69fba00bdbc6ffafbfa020300e549b208ee5ff1", size = 101250, upload-time = "2025-04-24T03:35:25.427Z" }
wheels = [
    { url = "https://files.pythonhosted.org/packages/04/4b/29cac41a4d98d144bf5f6d33995617b185d14b22401f75ca86f384e87ff1/h11-0.16.0-py3-none-any.whl", hash = "sha256:63cf8bbe7522de3bf65932fda1d9c2772064ffb3dae62d55932da54b31cb6c86", size = 37515, upload-time = "2025-04-24T03:35:24.344Z" },
]

[[package]]
name = "httpcore"
version = "1.0.9"
source = { registry = "https://pypi.org/simple" }
dependencies = [
    { name = "certifi" },
    { name = "h11" },
]
sdist = { url = "https://files.pythonhosted.org/packages/06/94/82699a10bca87a5556c9c59b5963f2d039dbd239f25bc2a63907a05a14cb/httpcore-1.0.9.tar.gz", hash = "sha256:6e34463af53fd2ab5d807f399a9b45ea31c3dfa2276f15a2c3f00afff6e176e8", size = 85484, upload-time = "2025-04-24T22:06:22.219Z" }
wheels = [
    { url = "https://files.pythonhosted.org/packages/7e/f5/f66802a942d491edb555dd61e3a9961140fd64c90bce1eafd741609d334d/httpcore-1.0.9-py3-none-any.whl", hash = "sha256:2d400746a40668fc9dec9810239072b40b4484b640a8c38fd654a024c7a1bf55", size = 78784, upload-time = "2025-04-24T22:06:20.566Z" },
]

[[package]]
name = "httpx"
version = "0.28.1"
source = { registry = "https://pypi.org/simple" }
dependencies = [
    { name = "anyio" },
    { name = "certifi" },
    { name = "httpcore" },
    { name = "idna" },
]
sdist = { url = "https://files.pythonhosted.org/packages/b1/df/48c586a5fe32a0f01324ee087459e112ebb7224f646c0b5023f5e79e9956/httpx-0.28.1.tar.gz", hash = "sha256:75e98c5f16b0f35b567856f597f06ff2270a374470a5c2392242528e3e3e42fc", size = 141406, upload-time = "2024-12-06T15:37:23.222Z" }
wheels = [
    { url = "https://files.pythonhosted.org/packages/2a/39/e50c7c3a983047577ee07d2a9e53faf5a69493943ec3f6a384bdc792deb2/httpx-0.28.1-py3-none-any.whl", hash = "sha256:d909fcccc110f8c7faf814ca82a9a4d816bc5a6dbfea25d6591d6985b8ba59ad", size = 73517, upload-time = "2024-12-06T15:37:21.509Z" },
]

[[package]]
name = "idna"
version = "3.11"
source = { registry = "https://pypi.org/simple" }
sdist = { url = "https://files.pythonhosted.org/packages/6f/6d/0703ccc57f3a7233505399edb88de3cbd678da106337b9fcde432b65ed60/idna-3.11.tar.gz", hash = "sha256:795dafcc9c04ed0c1fb032c2aa73654d8e8c5023a7df64a53f39190ada629902", size = 194582, upload-time = "2025-10-12T14:55:20.501Z" }
wheels = [
    { url = "https://files.pythonhosted.org/packages/0e/61/66938bbb5fc52dbdf84594873d5b51fb1f7c7794e9c0f5bd885f30bc507b/idna-3.11-py3-none-any.whl", hash = "sha256:771a87f49d9defaf64091e6e6fe9c18d4833f140bd19464795bc32d966ca37ea", size = 71008, upload-time = "2025-10-12T14:55:18.883Z" },
]

[[package]]
name = "iniconfig"
version = "2.3.0"
source = { registry = "https://pypi.org/simple" }
sdist = { url = "https://files.pythonhosted.org/packages/72/34/14ca021ce8e5dfedc35312d08ba8bf51fdd999c576889fc2c24cb97f4f10/iniconfig-2.3.0.tar.gz", hash = "sha256:c76315c77db068650d49c5b56314774a7804df16fee4402c1f19d6d15d8c4730", size = 20503, upload-time = "2025-10-18T21:55:43.219Z" }
wheels = [
    { url = "https://files.pythonhosted.org/packages/cb/b1/3846dd7f199d53cb17f49cba7e651e9ce294d8497c8c150530ed11865bb8/iniconfig-2.3.0-py3-none-any.whl", hash = "sha256:f631c04d2c48c52b84d0d0549c99ff3859c98df65b3101406327ecc7d53fbf12", size = 7484, upload-time = "2025-10-18T21:55:41.639Z" },
]

[[package]]
name = "jiter"
version = "0.14.0"
source = { registry = "https://pypi.org/simple" }
sdist = { url = "https://files.pythonhosted.org/packages/6e/c1/0cddc6eb17d4c53a99840953f95dd3accdc5cfc7a337b0e9b26476276be9/jiter-0.14.0.tar.gz", hash = "sha256:e8a39e66dac7153cf3f964a12aad515afa8d74938ec5cc0018adcdae5367c79e", size = 165725, upload-time = "2026-04-10T14:28:42.01Z" }
wheels = [
    { url = "https://files.pythonhosted.org/packages/97/2a/09f70020898507a89279659a1afe3364d57fc1b2c89949081975d135f6f5/jiter-0.14.0-cp313-cp313-macosx_10_12_x86_64.whl", hash = "sha256:af72f204cf4d44258e5b4c1745130ac45ddab0e71a06333b01de660ab4187a94", size = 315502, upload-time = "2026-04-10T14:26:47.697Z" },
    { url = "https://files.pythonhosted.org/packages/d6/be/080c96a45cd74f9fce5db4fd68510b88087fb37ffe2541ff73c12db92535/jiter-0.14.0-cp313-cp313-macosx_11_0_arm64.whl", hash = "sha256:4b77da71f6e819be5fbcec11a453fde5b1d0267ef6ed487e2a392fd8e14e4e3a", size = 314870, upload-time = "2026-04-10T14:26:49.149Z" },
    { url = "https://files.pythonhosted.org/packages/7d/5e/2d0fee155826a968a832cc32438de5e2a193292c8721ca70d0b53e58245b/jiter-0.14.0-cp313-cp313-manylinux_2_17_aarch64.manylinux2014_aarch64.whl", hash = "sha256:77f4ea612fe8b84b8b04e51d0e78029ecf3466348e25973f953de6e6a59aa4c1", size = 343406, upload-time = "2026-04-10T14:26:50.762Z" },
    { url = "https://files.pythonhosted.org/packages/70/af/bf9ee0d3a4f8dc0d679fc1337f874fe60cdbf841ebbb304b374e1c9aaceb/jiter-0.14.0-cp313-cp313-manylinux_2_17_armv7l.manylinux2014_armv7l.whl", hash = "sha256:62fe2451f8fcc0240261e6a4df18ecbcd58327857e61e625b2393ea3b468aac9", size = 369415, upload-time = "2026-04-10T14:26:52.188Z" },
    { url = "https://files.pythonhosted.org/packages/0f/83/8e8561eadba31f4d3948a5b712fb0447ec71c3560b57a855449e7b8ddc98/jiter-0.14.0-cp313-cp313-manylinux_2_17_ppc64le.manylinux2014_ppc64le.whl", hash = "sha256:6112f26f5afc75bcb475787d29da3aa92f9d09c7858f632f4be6ffe607be82e9", size = 461456, upload-time = "2026-04-10T14:26:53.611Z" },
    { url = "https://files.pythonhosted.org/packages/f6/c9/c5299e826a5fe6108d172b344033f61c69b1bb979dd8d9ddd4278a160971/jiter-0.14.0-cp313-cp313-manylinux_2_17_s390x.manylinux2014_s390x.whl", hash = "sha256:215a6cb8fb7dc702aa35d475cc00ddc7f970e5c0b1417fb4b4ac5d82fa2a29db", size = 378488, upload-time = "2026-04-10T14:26:55.211Z" },
    { url = "https://files.pythonhosted.org/packages/5d/37/c16d9d15c0a471b8644b1abe3c82668092a707d9bedcf076f24ff2e380cd/jiter-0.14.0-cp313-cp313-manylinux_2_17_x86_64.manylinux2014_x86_64.whl", hash = "sha256:fc4ab96a30fb3cb2c7e0cd33f7616c8860da5f5674438988a54ac717caccdbaa", size = 353242, upload-time = "2026-04-10T14:26:56.705Z" },
    { url = "https://files.pythonhosted.org/packages/58/ea/8050cb0dc654e728e1bfacbc0c640772f2181af5dedd13ae70145743a439/jiter-0.14.0-cp313-cp313-manylinux_2_31_riscv64.whl", hash = "sha256:3a99c1387b1f2928f799a9de899193484d66206a50e98233b6b088a7f0c1edb2", size = 356823, upload-time = "2026-04-10T14:26:58.281Z" },
    { url = "https://files.pythonhosted.org/packages/b0/3b/cf71506d270e5f84d97326bf220e47aed9b95e9a4a060758fb07772170ab/jiter-0.14.0-cp313-cp313-manylinux_2_5_i686.manylinux1_i686.whl", hash = "sha256:ab18d11074485438695f8d34a1b6da61db9754248f96d51341956607a8f39985", size = 392564, upload-time = "2026-04-10T14:27:00.018Z" },
    { url = "https://files.pythonhosted.org/packages/b0/cc/8c6c74a3efb5bd671bfd14f51e8a73375464ca914b1551bc3b40e26ac2c9/jiter-0.14.0-cp313-cp313-musllinux_1_1_aarch64.whl", hash = "sha256:801028dcfc26ac0895e4964cbc0fd62c73be9fd4a7d7b1aaf6e5790033a719b7", size = 520322, upload-time = "2026-04-10T14:27:01.664Z" },
    { url = "https://files.pythonhosted.org/packages/41/24/68d7b883ec959884ddf00d019b2e0e82ba81b167e1253684fa90519ce33c/jiter-0.14.0-cp313-cp313-musllinux_1_1_x86_64.whl", hash = "sha256:ad425b087aafb4a1c7e1e98a279200743b9aaf30c3e0ba723aec93f061bd9bc8", size = 552619, upload-time = "2026-04-10T14:27:03.316Z" },
    { url = "https://files.pythonhosted.org/packages/b6/89/b1a0985223bbf3150ff9e8f46f98fc9360c1de94f48abe271bbe1b465682/jiter-0.14.0-cp313-cp313-win32.whl", hash = "sha256:882bcb9b334318e233950b8be366fe5f92c86b66a7e449e76975dfd6d776a01f", size = 205699, upload-time = "2026-04-10T14:27:04.662Z" },
    { url = "https://files.pythonhosted.org/packages/4c/19/3f339a5a7f14a11730e67f6be34f9d5105751d547b615ef593fa122a5ded/jiter-0.14.0-cp313-cp313-win_amd64.whl", hash = "sha256:9b8c571a5dba09b98bd3462b5a53f27209a5cbbe85670391692ede71974e979f", size = 201323, upload-time = "2026-04-10T14:27:06.139Z" },
    { url = "https://files.pythonhosted.org/packages/50/56/752dd89c84be0e022a8ea3720bcfa0a8431db79a962578544812ce061739/jiter-0.14.0-cp313-cp313-win_arm64.whl", hash = "sha256:34f19dcc35cb1abe7c369b3756babf8c7f04595c0807a848df8f26ef8298ef92", size = 191099, upload-time = "2026-04-10T14:27:07.564Z" },
    { url = "https://files.pythonhosted.org/packages/91/28/292916f354f25a1fe8cf2c918d1415c699a4a659ae00be0430e1c5d9ffea/jiter-0.14.0-cp313-cp313t-macosx_11_0_arm64.whl", hash = "sha256:e89bcd7d426a75bb4952c696b267075790d854a07aad4c9894551a82c5b574ab", size = 320880, upload-time = "2026-04-10T14:27:09.326Z" },
    { url = "https://files.pythonhosted.org/packages/ad/c7/b002a7d8b8957ac3d469bd59c18ef4b1595a5216ae0de639a287b9816023/jiter-0.14.0-cp313-cp313t-manylinux_2_17_aarch64.manylinux2014_aarch64.whl", hash = "sha256:7b25beaa0d4447ea8c7ae0c18c688905d34840d7d0b937f2f7bdd52162c98a40", size = 346563, upload-time = "2026-04-10T14:27:11.287Z" },
    { url = "https://files.pythonhosted.org/packages/f9/3b/f8d07580d8706021d255a6356b8fab13ee4c869412995550ce6ed4ddf97d/jiter-0.14.0-cp313-cp313t-manylinux_2_17_x86_64.manylinux2014_x86_64.whl", hash = "sha256:651a8758dd413c51e3b7f6557cdc6921faf70b14106f45f969f091f5cda990ea", size = 357928, upload-time = "2026-04-10T14:27:12.729Z" },
    { url = "https://files.pythonhosted.org/packages/47/5b/ac1a974da29e35507230383110ffec59998b290a8732585d04e19a9eb5ba/jiter-0.14.0-cp313-cp313t-win_amd64.whl", hash = "sha256:e1a7eead856a5038a8d291f1447176ab0b525c77a279a058121b5fccee257f6f", size = 203519, upload-time = "2026-04-10T14:27:14.125Z" },
    { url = "https://files.pythonhosted.org/packages/96/6d/9fc8433d667d2454271378a79747d8c76c10b51b482b454e6190e511f244/jiter-0.14.0-cp313-cp313t-win_arm64.whl", hash = "sha256:2e692633a12cda97e352fdcd1c4acc971b1c28707e1e33aeef782b0cbf051975", size = 190113, upload-time = "2026-04-10T14:27:16.638Z" },
]

[[package]]
name = "openai"
version = "2.32.0"
source = { registry = "https://pypi.org/simple" }
dependencies = [
    { name = "anyio" },
    { name = "distro" },
    { name = "httpx" },
    { name = "jiter" },
    { name = "pydantic" },
    { name = "sniffio" },
    { name = "tqdm" },
    { name = "typing-extensions" },
]
sdist = { url = "https://files.pythonhosted.org/packages/ed/59/bdcc6b759b8c42dd73afaf5bf8f902c04b37987a5514dbc1c64dba390fef/openai-2.32.0.tar.gz", hash = "sha256:c54b27a9e4cb8d51f0dd94972ffd1a04437efeb259a9e60d8922b8bd26fe55e0", size = 693286, upload-time = "2026-04-15T22:28:19.434Z" }
wheels = [
    { url = "https://files.pythonhosted.org/packages/1e/c1/d6e64ccd0536bf616556f0cad2b6d94a8125f508d25cfd814b1d2db4e2f1/openai-2.32.0-py3-none-any.whl", hash = "sha256:4dcc9badeb4bf54ad0d187453742f290226d30150890b7890711bda4f32f192f", size = 1162570, upload-time = "2026-04-15T22:28:17.714Z" },
]

[[package]]
name = "packaging"
version = "26.1"
source = { registry = "https://pypi.org/simple" }
sdist = { url = "https://files.pythonhosted.org/packages/df/de/0d2b39fb4af88a0258f3bac87dfcbb48e73fbdea4a2ed0e2213f9a4c2f9a/packaging-26.1.tar.gz", hash = "sha256:f042152b681c4bfac5cae2742a55e103d27ab2ec0f3d88037136b6bfe7c9c5de", size = 215519, upload-time = "2026-04-14T21:12:49.362Z" }
wheels = [
    { url = "https://files.pythonhosted.org/packages/7a/c2/920ef838e2f0028c8262f16101ec09ebd5969864e5a64c4c05fad0617c56/packaging-26.1-py3-none-any.whl", hash = "sha256:5d9c0669c6285e491e0ced2eee587eaf67b670d94a19e94e3984a481aba6802f", size = 95831, upload-time = "2026-04-14T21:12:47.56Z" },
]

[[package]]
name = "pillow"
version = "12.2.0"
source = { registry = "https://pypi.org/simple" }
sdist = { url = "https://files.pythonhosted.org/packages/8c/21/c2bcdd5906101a30244eaffc1b6e6ce71a31bd0742a01eb89e660ebfac2d/pillow-12.2.0.tar.gz", hash = "sha256:a830b1a40919539d07806aa58e1b114df53ddd43213d9c8b75847eee6c0182b5", size = 46987819, upload-time = "2026-04-01T14:46:17.687Z" }
wheels = [
    { url = "https://files.pythonhosted.org/packages/4a/01/53d10cf0dbad820a8db274d259a37ba50b88b24768ddccec07355382d5ad/pillow-12.2.0-cp313-cp313-ios_13_0_arm64_iphoneos.whl", hash = "sha256:8297651f5b5679c19968abefd6bb84d95fe30ef712eb1b2d9b2d31ca61267f4c", size = 4100837, upload-time = "2026-04-01T14:43:41.506Z" },
    { url = "https://files.pythonhosted.org/packages/0f/98/f3a6657ecb698c937f6c76ee564882945f29b79bad496abcba0e84659ec5/pillow-12.2.0-cp313-cp313-ios_13_0_arm64_iphonesimulator.whl", hash = "sha256:50d8520da2a6ce0af445fa6d648c4273c3eeefbc32d7ce049f22e8b5c3daecc2", size = 4176528, upload-time = "2026-04-01T14:43:43.773Z" },
    { url = "https://files.pythonhosted.org/packages/69/bc/8986948f05e3ea490b8442ea1c1d4d990b24a7e43d8a51b2c7d8b1dced36/pillow-12.2.0-cp313-cp313-ios_13_0_x86_64_iphonesimulator.whl", hash = "sha256:766cef22385fa1091258ad7e6216792b156dc16d8d3fa607e7545b2b72061f1c", size = 3640401, upload-time = "2026-04-01T14:43:45.87Z" },
    { url = "https://files.pythonhosted.org/packages/34/46/6c717baadcd62bc8ed51d238d521ab651eaa74838291bda1f86fe1f864c9/pillow-12.2.0-cp313-cp313-macosx_10_13_x86_64.whl", hash = "sha256:5d2fd0fa6b5d9d1de415060363433f28da8b1526c1c129020435e186794b3795", size = 5308094, upload-time = "2026-04-01T14:43:48.438Z" },
    { url = "https://files.pythonhosted.org/packages/71/43/905a14a8b17fdb1ccb58d282454490662d2cb89a6bfec26af6d3520da5ec/pillow-12.2.0-cp313-cp313-macosx_11_0_arm64.whl", hash = "sha256:56b25336f502b6ed02e889f4ece894a72612fe885889a6e8c4c80239ff6e5f5f", size = 4695402, upload-time = "2026-04-01T14:43:51.292Z" },
    { url = "https://files.pythonhosted.org/packages/73/dd/42107efcb777b16fa0393317eac58f5b5cf30e8392e266e76e51cff28c3d/pillow-12.2.0-cp313-cp313-manylinux2014_aarch64.manylinux_2_17_aarch64.whl", hash = "sha256:f1c943e96e85df3d3478f7b691f229887e143f81fedab9b20205349ab04d73ed", size = 6280005, upload-time = "2026-04-01T14:43:54.242Z" },
    { url = "https://files.pythonhosted.org/packages/a8/68/b93e09e5e8549019e61acf49f65b1a8530765a7f812c77a7461bca7e4494/pillow-12.2.0-cp313-cp313-manylinux2014_x86_64.manylinux_2_17_x86_64.whl", hash = "sha256:03f6fab9219220f041c74aeaa2939ff0062bd5c364ba9ce037197f4c6d498cd9", size = 8090669, upload-time = "2026-04-01T14:43:57.335Z" },
    { url = "https://files.pythonhosted.org/packages/4b/6e/3ccb54ce8ec4ddd1accd2d89004308b7b0b21c4ac3d20fa70af4760a4330/pillow-12.2.0-cp313-cp313-manylinux_2_27_aarch64.manylinux_2_28_aarch64.whl", hash = "sha256:5cdfebd752ec52bf5bb4e35d9c64b40826bc5b40a13df7c3cda20a2c03a0f5ed", size = 6395194, upload-time = "2026-04-01T14:43:59.864Z" },
    { url = "https://files.pythonhosted.org/packages/67/ee/21d4e8536afd1a328f01b359b4d3997b291ffd35a237c877b331c1c3b71c/pillow-12.2.0-cp313-cp313-manylinux_2_27_x86_64.manylinux_2_28_x86_64.whl", hash = "sha256:eedf4b74eda2b5a4b2b2fb4c006d6295df3bf29e459e198c90ea48e130dc75c3", size = 7082423, upload-time = "2026-04-01T14:44:02.74Z" },
    { url = "https://files.pythonhosted.org/packages/78/5f/e9f86ab0146464e8c133fe85df987ed9e77e08b29d8d35f9f9f4d6f917ba/pillow-12.2.0-cp313-cp313-musllinux_1_2_aarch64.whl", hash = "sha256:00a2865911330191c0b818c59103b58a5e697cae67042366970a6b6f1b20b7f9", size = 6505667, upload-time = "2026-04-01T14:44:05.381Z" },
    { url = "https://files.pythonhosted.org/packages/ed/1e/409007f56a2fdce61584fd3acbc2bbc259857d555196cedcadc68c015c82/pillow-12.2.0-cp313-cp313-musllinux_1_2_x86_64.whl", hash = "sha256:1e1757442ed87f4912397c6d35a0db6a7b52592156014706f17658ff58bbf795", size = 7208580, upload-time = "2026-04-01T14:44:08.39Z" },
    { url = "https://files.pythonhosted.org/packages/23/c4/7349421080b12fb35414607b8871e9534546c128a11965fd4a7002ccfbee/pillow-12.2.0-cp313-cp313-win32.whl", hash = "sha256:144748b3af2d1b358d41286056d0003f47cb339b8c43a9ea42f5fea4d8c66b6e", size = 6375896, upload-time = "2026-04-01T14:44:11.197Z" },
    { url = "https://files.pythonhosted.org/packages/3f/82/8a3739a5e470b3c6cbb1d21d315800d8e16bff503d1f16b03a4ec3212786/pillow-12.2.0-cp313-cp313-win_amd64.whl", hash = "sha256:390ede346628ccc626e5730107cde16c42d3836b89662a115a921f28440e6a3b", size = 7081266, upload-time = "2026-04-01T14:44:13.947Z" },
    { url = "https://files.pythonhosted.org/packages/c3/25/f968f618a062574294592f668218f8af564830ccebdd1fa6200f598e65c5/pillow-12.2.0-cp313-cp313-win_arm64.whl", hash = "sha256:8023abc91fba39036dbce14a7d6535632f99c0b857807cbbbf21ecc9f4717f06", size = 2463508, upload-time = "2026-04-01T14:44:16.312Z" },
    { url = "https://files.pythonhosted.org/packages/4d/a4/b342930964e3cb4dce5038ae34b0eab4653334995336cd486c5a8c25a00c/pillow-12.2.0-cp313-cp313t-macosx_10_13_x86_64.whl", hash = "sha256:042db20a421b9bafecc4b84a8b6e444686bd9d836c7fd24542db3e7df7baad9b", size = 5309927, upload-time = "2026-04-01T14:44:18.89Z" },
    { url = "https://files.pythonhosted.org/packages/9f/de/23198e0a65a9cf06123f5435a5d95cea62a635697f8f03d134d3f3a96151/pillow-12.2.0-cp313-cp313t-macosx_11_0_arm64.whl", hash = "sha256:dd025009355c926a84a612fecf58bb315a3f6814b17ead51a8e48d3823d9087f", size = 4698624, upload-time = "2026-04-01T14:44:21.115Z" },
    { url = "https://files.pythonhosted.org/packages/01/a6/1265e977f17d93ea37aa28aa81bad4fa597933879fac2520d24e021c8da3/pillow-12.2.0-cp313-cp313t-manylinux2014_aarch64.manylinux_2_17_aarch64.whl", hash = "sha256:88ddbc66737e277852913bd1e07c150cc7bb124539f94c4e2df5344494e0a612", size = 6321252, upload-time = "2026-04-01T14:44:23.663Z" },
    { url = "https://files.pythonhosted.org/packages/3c/83/5982eb4a285967baa70340320be9f88e57665a387e3a53a7f0db8231a0cd/pillow-12.2.0-cp313-cp313t-manylinux2014_x86_64.manylinux_2_17_x86_64.whl", hash = "sha256:d362d1878f00c142b7e1a16e6e5e780f02be8195123f164edf7eddd911eefe7c", size = 8126550, upload-time = "2026-04-01T14:44:26.772Z" },
    { url = "https://files.pythonhosted.org/packages/4e/48/6ffc514adce69f6050d0753b1a18fd920fce8cac87620d5a31231b04bfc5/pillow-12.2.0-cp313-cp313t-manylinux_2_27_aarch64.manylinux_2_28_aarch64.whl", hash = "sha256:2c727a6d53cb0018aadd8018c2b938376af27914a68a492f59dfcaca650d5eea", size = 6433114, upload-time = "2026-04-01T14:44:29.615Z" },
    { url = "https://files.pythonhosted.org/packages/36/a3/f9a77144231fb8d40ee27107b4463e205fa4677e2ca2548e14da5cf18dce/pillow-12.2.0-cp313-cp313t-manylinux_2_27_x86_64.manylinux_2_28_x86_64.whl", hash = "sha256:efd8c21c98c5cc60653bcb311bef2ce0401642b7ce9d09e03a7da87c878289d4", size = 7115667, upload-time = "2026-04-01T14:44:32.773Z" },
    { url = "https://files.pythonhosted.org/packages/c1/fc/ac4ee3041e7d5a565e1c4fd72a113f03b6394cc72ab7089d27608f8aaccb/pillow-12.2.0-cp313-cp313t-musllinux_1_2_aarch64.whl", hash = "sha256:9f08483a632889536b8139663db60f6724bfcb443c96f1b18855860d7d5c0fd4", size = 6538966, upload-time = "2026-04-01T14:44:35.252Z" },
    { url = "https://files.pythonhosted.org/packages/c0/a8/27fb307055087f3668f6d0a8ccb636e7431d56ed0750e07a60547b1e083e/pillow-12.2.0-cp313-cp313t-musllinux_1_2_x86_64.whl", hash = "sha256:dac8d77255a37e81a2efcbd1fc05f1c15ee82200e6c240d7e127e25e365c39ea", size = 7238241, upload-time = "2026-04-01T14:44:37.875Z" },
    { url = "https://files.pythonhosted.org/packages/ad/4b/926ab182c07fccae9fcb120043464e1ff1564775ec8864f21a0ebce6ac25/pillow-12.2.0-cp313-cp313t-win32.whl", hash = "sha256:ee3120ae9dff32f121610bb08e4313be87e03efeadfc6c0d18f89127e24d0c24", size = 6379592, upload-time = "2026-04-01T14:44:40.336Z" },
    { url = "https://files.pythonhosted.org/packages/c2/c4/f9e476451a098181b30050cc4c9a3556b64c02cf6497ea421ac047e89e4b/pillow-12.2.0-cp313-cp313t-win_amd64.whl", hash = "sha256:325ca0528c6788d2a6c3d40e3568639398137346c3d6e66bb61db96b96511c98", size = 7085542, upload-time = "2026-04-01T14:44:43.251Z" },
    { url = "https://files.pythonhosted.org/packages/00/a4/285f12aeacbe2d6dc36c407dfbbe9e96d4a80b0fb710a337f6d2ad978c75/pillow-12.2.0-cp313-cp313t-win_arm64.whl", hash = "sha256:2e5a76d03a6c6dcef67edabda7a52494afa4035021a79c8558e14af25313d453", size = 2465765, upload-time = "2026-04-01T14:44:45.996Z" },
]

[[package]]
name = "pluggy"
version = "1.6.0"
source = { registry = "https://pypi.org/simple" }
sdist = { url = "https://files.pythonhosted.org/packages/f9/e2/3e91f31a7d2b083fe6ef3fa267035b518369d9511ffab804f839851d2779/pluggy-1.6.0.tar.gz", hash = "sha256:7dcc130b76258d33b90f61b658791dede3486c3e6bfb003ee5c9bfb396dd22f3", size = 69412, upload-time = "2025-05-15T12:30:07.975Z" }
wheels = [
    { url = "https://files.pythonhosted.org/packages/54/20/4d324d65cc6d9205fabedc306948156824eb9f0ee1633355a8f7ec5c66bf/pluggy-1.6.0-py3-none-any.whl", hash = "sha256:e920276dd6813095e9377c0bc5566d94c932c33b27a3e3945d8389c374dd4746", size = 20538, upload-time = "2025-05-15T12:30:06.134Z" },
]

[[package]]
name = "pydantic"
version = "2.13.2"
source = { registry = "https://pypi.org/simple" }
dependencies = [
    { name = "annotated-types" },
    { name = "pydantic-core" },
    { name = "typing-extensions" },
    { name = "typing-inspection" },
]
sdist = { url = "https://files.pythonhosted.org/packages/09/e5/06d23afac9973109d1e3c8ad38e1547a12e860610e327c05ee686827dc37/pydantic-2.13.2.tar.gz", hash = "sha256:b418196607e61081c3226dcd4f0672f2a194828abb9109e9cfb84026564df2d1", size = 843836, upload-time = "2026-04-17T09:31:59.636Z" }
wheels = [
    { url = "https://files.pythonhosted.org/packages/77/ca/b45c378e6e8d0b90577288b533e04e95b7afd61bb1d51b6c263176435489/pydantic-2.13.2-py3-none-any.whl", hash = "sha256:a525087f4c03d7e7456a3de89b64cd693d2229933bb1068b9af6befd5563694e", size = 471947, upload-time = "2026-04-17T09:31:57.541Z" },
]

[[package]]
name = "pydantic-core"
version = "2.46.2"
source = { registry = "https://pypi.org/simple" }
dependencies = [
    { name = "typing-extensions" },
]
sdist = { url = "https://files.pythonhosted.org/packages/43/bb/4742f05b739b2478459bb16fa8470549518c802e06ddcf3f106c5081315e/pydantic_core-2.46.2.tar.gz", hash = "sha256:37bb079f9ee3f1a519392b73fda2a96379b31f2013c6b467fe693e7f2987f596", size = 471269, upload-time = "2026-04-17T09:10:07.017Z" }
wheels = [
    { url = "https://files.pythonhosted.org/packages/07/2b/662e48254479a2d3450ba24b1e25061108b64339794232f503990c519144/pydantic_core-2.46.2-cp313-cp313-macosx_10_12_x86_64.whl", hash = "sha256:d26e9eea3715008a09a74585fe9becd0c67fbb145dc4df9756d597d7230a652c", size = 2101762, upload-time = "2026-04-17T09:10:13.87Z" },
    { url = "https://files.pythonhosted.org/packages/73/ab/bafd7c7503757ccc8ec4d1911e106fe474c629443648c51a88f08b0fe91a/pydantic_core-2.46.2-cp313-cp313-macosx_11_0_arm64.whl", hash = "sha256:48b36e3235140510dc7861f0cd58b714b1cdd3d48f75e10ce52e69866b746f10", size = 1951814, upload-time = "2026-04-17T09:12:25.934Z" },
    { url = "https://files.pythonhosted.org/packages/92/cc/7549c2d57ba2e9a42caa5861a2d398dbe31c02c6aca783253ace59ce84f8/pydantic_core-2.46.2-cp313-cp313-manylinux_2_17_aarch64.manylinux2014_aarch64.whl", hash = "sha256:36b1f99dc451f1a3981f236151465bcf995bbe712d0727c9f7b236fe228a8133", size = 1977329, upload-time = "2026-04-17T09:13:37.605Z" },
    { url = "https://files.pythonhosted.org/packages/18/50/7ed4a8a0d478a4dca8f0134a5efa7193f03cc8520dd4c9509339fb2e5002/pydantic_core-2.46.2-cp313-cp313-manylinux_2_17_armv7l.manylinux2014_armv7l.whl", hash = "sha256:8641c8d535c2d95b45c2e19b646ecd23ebba35d461e0ae48a3498277006250ab", size = 2051832, upload-time = "2026-04-17T09:12:49.771Z" },
    { url = "https://files.pythonhosted.org/packages/dc/16/bb35b193741c0298ddc5f5e4234269efdc0c65e2bcd198aa0de9b68845e4/pydantic_core-2.46.2-cp313-cp313-manylinux_2_17_ppc64le.manylinux2014_ppc64le.whl", hash = "sha256:20fb194788a0a50993e87013e693494ba183a2af5b44e99cf060bbae10912b11", size = 2233127, upload-time = "2026-04-17T09:11:04.449Z" },
    { url = "https://files.pythonhosted.org/packages/91/a5/98f4b637149185addea19e1785ea20c373cca31b202f589111d8209d9873/pydantic_core-2.46.2-cp313-cp313-manylinux_2_17_s390x.manylinux2014_s390x.whl", hash = "sha256:9262d11d0cd11ee3303a95156939402bed6cedfe5ed0e331b95a283a4da6eb8b", size = 2297418, upload-time = "2026-04-17T09:11:25.929Z" },
    { url = "https://files.pythonhosted.org/packages/36/90/93a5d21990b152da7b7507b7fddb0b935f6a0984d57ac3ec45a6e17777a2/pydantic_core-2.46.2-cp313-cp313-manylinux_2_17_x86_64.manylinux2014_x86_64.whl", hash = "sha256:ac204542736aa295fa25f713b7fad6fc50b46ab7764d16087575c85f085174f3", size = 2093735, upload-time = "2026-04-17T09:12:06.908Z" },
    { url = "https://files.pythonhosted.org/packages/14/22/b8b1ffdddf08b4e84380bcb67f41dbbf4c171377c1d36fc6290794bb2094/pydantic_core-2.46.2-cp313-cp313-manylinux_2_31_riscv64.whl", hash = "sha256:9a7c43a0584742dface3ca0daf6f719d46c1ac2f87cf080050f9ae052c75e1b2", size = 2127570, upload-time = "2026-04-17T09:11:53.906Z" },
    { url = "https://files.pythonhosted.org/packages/c6/26/e60d72b4e2d0ce1fa811044a974412ac1c567fe067d97b3e6b290530786e/pydantic_core-2.46.2-cp313-cp313-manylinux_2_5_i686.manylinux1_i686.whl", hash = "sha256:fd05e1edb6a90ad446fa268ab09e59202766b837597b714b2492db11ee87fab9", size = 2183524, upload-time = "2026-04-17T09:11:30.092Z" },
    { url = "https://files.pythonhosted.org/packages/35/32/36bec7584a1eefb17dec4dfa1c946d3fe4440f466c5705b8adfda69c9a9f/pydantic_core-2.46.2-cp313-cp313-musllinux_1_1_aarch64.whl", hash = "sha256:91155b110788b5501abc7ea954f1d08606219e4e28e3c73a94124307c06efb80", size = 2185408, upload-time = "2026-04-17T09:10:57.228Z" },
    { url = "https://files.pythonhosted.org/packages/fc/d6/1a5689d873620efd67d6b163db0c444c056adb0849b5bc33e2b9f09665a6/pydantic_core-2.46.2-cp313-cp313-musllinux_1_1_armv7l.whl", hash = "sha256:e4e2c72a529fa03ff228be1d2b76944013f428220b764e03cc50ada67e17a42c", size = 2335171, upload-time = "2026-04-17T09:11:43.369Z" },
    { url = "https://files.pythonhosted.org/packages/3e/8e/675104802abe8ef502b072050ee5f2e915251aa1a3af87e1015ce31ec42d/pydantic_core-2.46.2-cp313-cp313-musllinux_1_1_x86_64.whl", hash = "sha256:56291ec1a11c3499890c99a8fd9053b47e60fe837a77ec72c0671b1b8b3dce24", size = 2362743, upload-time = "2026-04-17T09:10:18.333Z" },
    { url = "https://files.pythonhosted.org/packages/8d/bc/86c5dde4fa6e24467680eef5047da3c1a19be0a527d0d8e14aa76b39307c/pydantic_core-2.46.2-cp313-cp313-win32.whl", hash = "sha256:b50f9c5f826ddca1246f055148df939f5f3f2d0d96db73de28e2233f22210d4c", size = 1958074, upload-time = "2026-04-17T09:12:38.622Z" },
    { url = "https://files.pythonhosted.org/packages/2a/97/2537e8c1282b2c4eb062580c0d7a4339e10b072b803d1ee0b7f1f0a5c22c/pydantic_core-2.46.2-cp313-cp313-win_amd64.whl", hash = "sha256:251a57788823230ca8cbc99e6245d1a2ed6e180ec4864f251c94182c580c7f2e", size = 2071741, upload-time = "2026-04-17T09:13:32.405Z" },
    { url = "https://files.pythonhosted.org/packages/da/aa/2ee75798706f9dbc4e76dbe59e41a396c5c311e3d6223b9cf6a5fa7780be/pydantic_core-2.46.2-cp313-cp313-win_arm64.whl", hash = "sha256:315d32d1a71494d6b4e1e14a9fa7a4329597b4c4340088ad7e1a9dafbeed92a9", size = 2025955, upload-time = "2026-04-17T09:10:15.567Z" },
]

[[package]]
name = "pygments"
version = "2.20.0"
source = { registry = "https://pypi.org/simple" }
sdist = { url = "https://files.pythonhosted.org/packages/c3/b2/bc9c9196916376152d655522fdcebac55e66de6603a76a02bca1b6414f6c/pygments-2.20.0.tar.gz", hash = "sha256:6757cd03768053ff99f3039c1a36d6c0aa0b263438fcab17520b30a303a82b5f", size = 4955991, upload-time = "2026-03-29T13:29:33.898Z" }
wheels = [
    { url = "https://files.pythonhosted.org/packages/f4/7e/a72dd26f3b0f4f2bf1dd8923c85f7ceb43172af56d63c7383eb62b332364/pygments-2.20.0-py3-none-any.whl", hash = "sha256:81a9e26dd42fd28a23a2d169d86d7ac03b46e2f8b59ed4698fb4785f946d0176", size = 1231151, upload-time = "2026-03-29T13:29:30.038Z" },
]

[[package]]
name = "pymupdf"
version = "1.27.2.2"
source = { registry = "https://pypi.org/simple" }
sdist = { url = "https://files.pythonhosted.org/packages/f1/32/f6b645c51d79a188a4844140c5dabca7b487ad56c4be69c4bc782d0d11a9/pymupdf-1.27.2.2.tar.gz", hash = "sha256:ea8fdc3ab6671ca98f629d5ec3032d662c8cf1796b146996b7ad306ac7ed3335", size = 85354380, upload-time = "2026-03-20T09:47:58.386Z" }
wheels = [
    { url = "https://files.pythonhosted.org/packages/90/88/d01992a50165e22dec057a1129826846c547feb4ba07f42720ac030ce438/pymupdf-1.27.2.2-cp310-abi3-macosx_10_9_x86_64.whl", hash = "sha256:800f43e60a6f01f644343c2213b8613db02eaf4f4ba235b417b3351fa99e01c0", size = 23987563, upload-time = "2026-03-19T12:35:42.989Z" },
    { url = "https://files.pythonhosted.org/packages/6d/0e/9f526bc1d49d8082eff0d1547a69d541a0c5a052e71da625559efaba46a6/pymupdf-1.27.2.2-cp310-abi3-macosx_11_0_arm64.whl", hash = "sha256:8e2e4299ef1ac0c9dff9be096cbd22783699673abecfa7c3f73173ae06421d73", size = 23263089, upload-time = "2026-03-20T09:44:16.982Z" },
    { url = "https://files.pythonhosted.org/packages/42/be/984f0d6343935b5dd30afaed6be04fc753146bf55709e63ef28bf9ef7497/pymupdf-1.27.2.2-cp310-abi3-manylinux_2_28_aarch64.whl", hash = "sha256:c5e3d54922db1c7da844f1208ac1db05704770988752311f81dd36694ae0a07b", size = 24318817, upload-time = "2026-03-20T09:44:33.209Z" },
    { url = "https://files.pythonhosted.org/packages/22/8e/85e9d9f11dbf34036eb1df283805ef6b885f2005a56d6533bb58ab0b8a11/pymupdf-1.27.2.2-cp310-abi3-manylinux_2_28_x86_64.whl", hash = "sha256:892698c9768457eb0991c102c96a856c0a7062539371df5e6bee0816f3ef498e", size = 24948135, upload-time = "2026-03-20T09:44:51.012Z" },
    { url = "https://files.pythonhosted.org/packages/db/e6/386edb017e5b93f1ab0bf6653ae32f3dd8dfc834ed770212e10ca62f4af9/pymupdf-1.27.2.2-cp310-abi3-musllinux_1_2_x86_64.whl", hash = "sha256:8b4bbfa6ef347fade678771a93f6364971c51a2cdc44cd2400dc4eeed1ddb4e6", size = 25169585, upload-time = "2026-03-20T09:45:05.393Z" },
    { url = "https://files.pythonhosted.org/packages/ba/fd/f1ebe24fcd31aaea8b85b3a7ac4c3fc96e20388be5466ace27c9a3c546d9/pymupdf-1.27.2.2-cp310-abi3-win32.whl", hash = "sha256:0b8e924433b7e0bd46be820899300259235997d5a747638471fb2762baa8ee30", size = 18008861, upload-time = "2026-03-20T09:45:21.353Z" },
    { url = "https://files.pythonhosted.org/packages/a8/b6/2a9a8556000199bbf80a5915dcd15d550d1e5288894316445c54726aaf53/pymupdf-1.27.2.2-cp310-abi3-win_amd64.whl", hash = "sha256:09bb53f9486ccb5297030cbc2dbdae845ba1c3c5126e96eb2d16c4f118de0b5b", size = 19238032, upload-time = "2026-03-20T09:45:37.941Z" },
]

[[package]]
name = "pytest"
version = "9.0.3"
source = { registry = "https://pypi.org/simple" }
dependencies = [
    { name = "colorama", marker = "sys_platform == 'win32'" },
    { name = "iniconfig" },
    { name = "packaging" },
    { name = "pluggy" },
    { name = "pygments" },
]
sdist = { url = "https://files.pythonhosted.org/packages/7d/0d/549bd94f1a0a402dc8cf64563a117c0f3765662e2e668477624baeec44d5/pytest-9.0.3.tar.gz", hash = "sha256:b86ada508af81d19edeb213c681b1d48246c1a91d304c6c81a427674c17eb91c", size = 1572165, upload-time = "2026-04-07T17:16:18.027Z" }
wheels = [
    { url = "https://files.pythonhosted.org/packages/d4/24/a372aaf5c9b7208e7112038812994107bc65a84cd00e0354a88c2c77a617/pytest-9.0.3-py3-none-any.whl", hash = "sha256:2c5efc453d45394fdd706ade797c0a81091eccd1d6e4bccfcd476e2b8e0ab5d9", size = 375249, upload-time = "2026-04-07T17:16:16.13Z" },
]

[[package]]
name = "python-multipart"
version = "0.0.26"
source = { registry = "https://pypi.org/simple" }
sdist = { url = "https://files.pythonhosted.org/packages/88/71/b145a380824a960ebd60e1014256dbb7d2253f2316ff2d73dfd8928ec2c3/python_multipart-0.0.26.tar.gz", hash = "sha256:08fadc45918cd615e26846437f50c5d6d23304da32c341f289a617127b081f17", size = 43501, upload-time = "2026-04-10T14:09:59.473Z" }
wheels = [
    { url = "https://files.pythonhosted.org/packages/9a/22/f1925cdda983ab66fc8ec6ec8014b959262747e58bdca26a4e3d1da29d56/python_multipart-0.0.26-py3-none-any.whl", hash = "sha256:c0b169f8c4484c13b0dcf2ef0ec3a4adb255c4b7d18d8e420477d2b1dd03f185", size = 28847, upload-time = "2026-04-10T14:09:58.131Z" },
]

[[package]]
name = "sniffio"
version = "1.3.1"
source = { registry = "https://pypi.org/simple" }
sdist = { url = "https://files.pythonhosted.org/packages/a2/87/a6771e1546d97e7e041b6ae58d80074f81b7d5121207425c964ddf5cfdbd/sniffio-1.3.1.tar.gz", hash = "sha256:f4324edc670a0f49750a81b895f35c3adb843cca46f0530f79fc1babb23789dc", size = 20372, upload-time = "2024-02-25T23:20:04.057Z" }
wheels = [
    { url = "https://files.pythonhosted.org/packages/e9/44/75a9c9421471a6c4805dbf2356f7c181a29c1879239abab1ea2cc8f38b40/sniffio-1.3.1-py3-none-any.whl", hash = "sha256:2f6da418d1f1e0fddd844478f41680e794e6051915791a034ff65e5f100525a2", size = 10235, upload-time = "2024-02-25T23:20:01.196Z" },
]

[[package]]
name = "starlette"
version = "1.0.0"
source = { registry = "https://pypi.org/simple" }
dependencies = [
    { name = "anyio" },
]
sdist = { url = "https://files.pythonhosted.org/packages/81/69/17425771797c36cded50b7fe44e850315d039f28b15901ab44839e70b593/starlette-1.0.0.tar.gz", hash = "sha256:6a4beaf1f81bb472fd19ea9b918b50dc3a77a6f2e190a12954b25e6ed5eea149", size = 2655289, upload-time = "2026-03-22T18:29:46.779Z" }
wheels = [
    { url = "https://files.pythonhosted.org/packages/0b/c9/584bc9651441b4ba60cc4d557d8a547b5aff901af35bda3a4ee30c819b82/starlette-1.0.0-py3-none-any.whl", hash = "sha256:d3ec55e0bb321692d275455ddfd3df75fff145d009685eb40dc91fc66b03d38b", size = 72651, upload-time = "2026-03-22T18:29:45.111Z" },
]

[[package]]
name = "tqdm"
version = "4.67.3"
source = { registry = "https://pypi.org/simple" }
dependencies = [
    { name = "colorama", marker = "sys_platform == 'win32'" },
]
sdist = { url = "https://files.pythonhosted.org/packages/09/a9/6ba95a270c6f1fbcd8dac228323f2777d886cb206987444e4bce66338dd4/tqdm-4.67.3.tar.gz", hash = "sha256:7d825f03f89244ef73f1d4ce193cb1774a8179fd96f31d7e1dcde62092b960bb", size = 169598, upload-time = "2026-02-03T17:35:53.048Z" }
wheels = [
    { url = "https://files.pythonhosted.org/packages/16/e1/3079a9ff9b8e11b846c6ac5c8b5bfb7ff225eee721825310c91b3b50304f/tqdm-4.67.3-py3-none-any.whl", hash = "sha256:ee1e4c0e59148062281c49d80b25b67771a127c85fc9676d3be5f243206826bf", size = 78374, upload-time = "2026-02-03T17:35:50.982Z" },
]

[[package]]
name = "typing-extensions"
version = "4.15.0"
source = { registry = "https://pypi.org/simple" }
sdist = { url = "https://files.pythonhosted.org/packages/72/94/1a15dd82efb362ac84269196e94cf00f187f7ed21c242792a923cdb1c61f/typing_extensions-4.15.0.tar.gz", hash = "sha256:0cea48d173cc12fa28ecabc3b837ea3cf6f38c6d1136f85cbaaf598984861466", size = 109391, upload-time = "2025-08-25T13:49:26.313Z" }
wheels = [
    { url = "https://files.pythonhosted.org/packages/18/67/36e9267722cc04a6b9f15c7f3441c2363321a3ea07da7ae0c0707beb2a9c/typing_extensions-4.15.0-py3-none-any.whl", hash = "sha256:f0fa19c6845758ab08074a0cfa8b7aecb71c999ca73d62883bc25cc018c4e548", size = 44614, upload-time = "2025-08-25T13:49:24.86Z" },
]

[[package]]
name = "typing-inspection"
version = "0.4.2"
source = { registry = "https://pypi.org/simple" }
dependencies = [
    { name = "typing-extensions" },
]
sdist = { url = "https://files.pythonhosted.org/packages/55/e3/70399cb7dd41c10ac53367ae42139cf4b1ca5f36bb3dc6c9d33acdb43655/typing_inspection-0.4.2.tar.gz", hash = "sha256:ba561c48a67c5958007083d386c3295464928b01faa735ab8547c5692e87f464", size = 75949, upload-time = "2025-10-01T02:14:41.687Z" }
wheels = [
    { url = "https://files.pythonhosted.org/packages/dc/9b/47798a6c91d8bdb567fe2698fe81e0c6b7cb7ef4d13da4114b41d239f65d/typing_inspection-0.4.2-py3-none-any.whl", hash = "sha256:4ed1cacbdc298c220f1bd249ed5287caa16f34d44ef4e9c3d0cbad5b521545e7", size = 14611, upload-time = "2025-10-01T02:14:40.154Z" },
]

[[package]]
name = "uvicorn"
version = "0.44.0"
source = { registry = "https://pypi.org/simple" }
dependencies = [
    { name = "click" },
    { name = "h11" },
]
sdist = { url = "https://files.pythonhosted.org/packages/5e/da/6eee1ff8b6cbeed47eeb5229749168e81eb4b7b999a1a15a7176e51410c9/uvicorn-0.44.0.tar.gz", hash = "sha256:6c942071b68f07e178264b9152f1f16dfac5da85880c4ce06366a96d70d4f31e", size = 86947, upload-time = "2026-04-06T09:23:22.826Z" }
wheels = [
    { url = "https://files.pythonhosted.org/packages/b7/23/a5bbd9600dd607411fa644c06ff4951bec3a4d82c4b852374024359c19c0/uvicorn-0.44.0-py3-none-any.whl", hash = "sha256:ce937c99a2cc70279556967274414c087888e8cec9f9c94644dfca11bd3ced89", size = 69425, upload-time = "2026-04-06T09:23:21.524Z" },
]
